
Microsoft Visual Studio Solution File, Format Version 12.00
# Visual Studio Version 17
VisualStudioVersion = 17.11.35222.181
MinimumVisualStudioVersion = 10.0.40219.1
Project("{FAE04EC0-301F-11D3-BF4B-00C04F79EFBC}") = "demo", "demo\demo.csproj", "{D6CF7F34-B0E6-4891-BF40-FBB40FE38C77}"
EndProject
Global
	GlobalSection(SolutionConfigurationPlatforms) = preSolution
		Debug|Any CPU = Debug|Any CPU
		Release|Any CPU = Release|Any CPU
	EndGlobalSection
	GlobalSection(ProjectConfigurationPlatforms) = postSolution
		{D6CF7F34-B0E6-4891-BF40-FBB40FE38C77}.Debug|Any CPU.ActiveCfg = Debug|Any CPU
		{D6CF7F34-B0E6-4891-BF40-FBB40FE38C77}.Debug|Any CPU.Build.0 = Debug|Any CPU
		{D6CF7F34-B0E6-4891-BF40-FBB40FE38C77}.Release|Any CPU.ActiveCfg = Release|Any CPU
		{D6CF7F34-B0E6-4891-BF40-FBB40FE38C77}.Release|Any CPU.Build.0 = Release|Any CPU
	EndGlobalSection
	GlobalSection(SolutionProperties) = preSolution
		HideSolutionNode = FALSE
	EndGlobalSection
	GlobalSection(ExtensibilityGlobals) = postSolution
		SolutionGuid = {3F0C78F3-1C31-479A-90A6-6283B4DF707D}
	EndGlobalSection
EndGlobal
